{
  "requires": true,
  "lockfileVersion": 1,
  "dependencies": {
    "angularx-flatpickr": {
      "version": "6.6.0",
      "resolved": "https://registry.npmjs.org/angularx-flatpickr/-/angularx-flatpickr-6.6.0.tgz",
      "integrity": "sha512-n/csZmAwfL32P7pUv52FXihSbPjVAjiKglbY8WO9hsBKvAk7mw8PKNjiovln4+fuscJwKo0wSsw+s7A+JpetQg==",
      "requires": {
        "tslib": "^1.9.0"
      }
    },
    "flatpickr": {
      "version": "4.6.9",
      "resolved": "https://registry.npmjs.org/flatpickr/-/flatpickr-4.6.9.tgz",
      "integrity": "sha512-F0azNNi8foVWKSF+8X+ZJzz8r9sE1G4hl06RyceIaLvyltKvDl6vqk9Lm/6AUUCi5HWaIjiUbk7UpeE/fOXOpw=="
    },
    "ngx-bootstrap": {
      "version": "7.1.0",
      "resolved": "https://registry.npmjs.org/ngx-bootstrap/-/ngx-bootstrap-7.1.0.tgz",
      "integrity": "sha512-2qUTqq+DtimKpYNEga85G00zdMEZ2fcvtYaZkrdZRtwqyCXbPC69LXXzLkgu5697m83++iFWvwFp0IJDuGev1A==",
      "requires": {
        "tslib": "^2.0.0"
      },
      "dependencies": {
        "tslib": {
          "version": "2.3.1",
          "resolved": "https://registry.npmjs.org/tslib/-/tslib-2.3.1.tgz",
          "integrity": "sha512-77EbyPPpMz+FRFRuAFlWMtmgUWGe9UOG2Z25NqCwiIjRhOf5iKGuzSe5P2w1laq+FkRy4p+PCuVkJSGkzTEKVw=="
        }
      }
    },
    "tslib": {
      "version": "1.14.1",
      "resolved": "https://registry.npmjs.org/tslib/-/tslib-1.14.1.tgz",
      "integrity": "sha512-Xni35NKzjgMrwevysHTCArtLDpPvye8zV/0E4EyYn43P7/7qvQwPh9BGkHewbMulVntbigmcT7rdX3BNo9wRJg=="
    }
  }
}
